
Microsoft Visual Studio Solution File, Format Version 12.00
# Visual Studio Version 16
VisualStudioVersion = 16.0.29806.167
MinimumVisualStudioVersion = 10.0.40219.1
Project("{9A19103F-16F7-4668-BE54-9A1E7A4F7556}") = "VideoIndexerUploader", "VideoIndexerUploader\VideoIndexerUploader.csproj", "{AD6CC1F7-FD42-4083-90E9-022668A8CC13}"
EndProject
Global
	GlobalSection(SolutionConfigurationPlatforms) = preSolution
		Debug|Any CPU = Debug|Any CPU
		Release|Any CPU = Release|Any CPU
	EndGlobalSection
	GlobalSection(ProjectConfigurationPlatforms) = postSolution
		{AD6CC1F7-FD42-4083-90E9-022668A8CC13}.Debug|Any CPU.ActiveCfg = Debug|Any CPU
		{AD6CC1F7-FD42-4083-90E9-022668A8CC13}.Debug|Any CPU.Build.0 = Debug|Any CPU
		{AD6CC1F7-FD42-4083-90E9-022668A8CC13}.Release|Any CPU.ActiveCfg = Release|Any CPU
		{AD6CC1F7-FD42-4083-90E9-022668A8CC13}.Release|Any CPU.Build.0 = Release|Any CPU
	EndGlobalSection
	GlobalSection(SolutionProperties) = preSolution
		HideSolutionNode = FALSE
	EndGlobalSection
	GlobalSection(ExtensibilityGlobals) = postSolution
		SolutionGuid = {E2A5688A-DBAE-4EFF-8328-14D1BEB7836C}
	EndGlobalSection
EndGlobal
